
Microsoft Visual Studio Solution File, Format Version 12.00
# Visual Studio Version 17
VisualStudioVersion = 17.12.35506.116
MinimumVisualStudioVersion = 10.0.40219.1
Project("{FAE04EC0-301F-11D3-BF4B-00C04F79EFBC}") = "EDT Book Library", "EDT Book Library\EDT Book Library.csproj", "{BFE8296D-2974-4217-98E0-9E6648EEE93B}"
EndProject
Project("{FAE04EC0-301F-11D3-BF4B-00C04F79EFBC}") = "EDT Book Library.AppHost", "EDT Book Library.AppHost\EDT Book Library.AppHost.csproj", "{F4226FDE-CC9C-4E54-B321-BC58FF5EFC67}"
EndProject
Project("{FAE04EC0-301F-11D3-BF4B-00C04F79EFBC}") = "EDT Book Library.ServiceDefaults", "EDT Book Library.ServiceDefaults\EDT Book Library.ServiceDefaults.csproj", "{ED4172B4-703E-4934-B6DC-D4858EADF209}"
EndProject
Project("{FAE04EC0-301F-11D3-BF4B-00C04F79EFBC}") = "BookLibraryTests", "BookLibraryTests\BookLibraryTests.csproj", "{1B688815-B3D0-43A2-8319-29030E5F441E}"
EndProject
Global
	GlobalSection(SolutionConfigurationPlatforms) = preSolution
		Debug|Any CPU = Debug|Any CPU
		Release|Any CPU = Release|Any CPU
	EndGlobalSection
	GlobalSection(ProjectConfigurationPlatforms) = postSolution
		{BFE8296D-2974-4217-98E0-9E6648EEE93B}.Debug|Any CPU.ActiveCfg = Debug|Any CPU
		{BFE8296D-2974-4217-98E0-9E6648EEE93B}.Debug|Any CPU.Build.0 = Debug|Any CPU
		{BFE8296D-2974-4217-98E0-9E6648EEE93B}.Release|Any CPU.ActiveCfg = Release|Any CPU
		{BFE8296D-2974-4217-98E0-9E6648EEE93B}.Release|Any CPU.Build.0 = Release|Any CPU
		{F4226FDE-CC9C-4E54-B321-BC58FF5EFC67}.Debug|Any CPU.ActiveCfg = Debug|Any CPU
		{F4226FDE-CC9C-4E54-B321-BC58FF5EFC67}.Debug|Any CPU.Build.0 = Debug|Any CPU
		{F4226FDE-CC9C-4E54-B321-BC58FF5EFC67}.Release|Any CPU.ActiveCfg = Release|Any CPU
		{F4226FDE-CC9C-4E54-B321-BC58FF5EFC67}.Release|Any CPU.Build.0 = Release|Any CPU
		{ED4172B4-703E-4934-B6DC-D4858EADF209}.Debug|Any CPU.ActiveCfg = Debug|Any CPU
		{ED4172B4-703E-4934-B6DC-D4858EADF209}.Debug|Any CPU.Build.0 = Debug|Any CPU
		{ED4172B4-703E-4934-B6DC-D4858EADF209}.Release|Any CPU.ActiveCfg = Release|Any CPU
		{ED4172B4-703E-4934-B6DC-D4858EADF209}.Release|Any CPU.Build.0 = Release|Any CPU
		{1B688815-B3D0-43A2-8319-29030E5F441E}.Debug|Any CPU.ActiveCfg = Debug|Any CPU
		{1B688815-B3D0-43A2-8319-29030E5F441E}.Debug|Any CPU.Build.0 = Debug|Any CPU
		{1B688815-B3D0-43A2-8319-29030E5F441E}.Release|Any CPU.ActiveCfg = Release|Any CPU
		{1B688815-B3D0-43A2-8319-29030E5F441E}.Release|Any CPU.Build.0 = Release|Any CPU
	EndGlobalSection
	GlobalSection(SolutionProperties) = preSolution
		HideSolutionNode = FALSE
	EndGlobalSection
EndGlobal
